{
  "version": 4,
  "terraform_version": "1.3.2",
  "serial": 8,
  "lineage": "40563dba-8e5a-fad7-c783-b86809af8559",
  "outputs": {},
  "resources": [
    {
      "mode": "managed",
      "type": "local_file",
      "name": "pet",
      "provider": "provider[\"registry.terraform.io/hashicorp/local\"]",
      "instances": [
        {
          "schema_version": 0,
          "attributes": {
            "content": "We love pets!",
            "content_base64": null,
            "directory_permission": "0777",
            "file_permission": "0700",
            "filename": "/Users/kemalmutlu/pets.txt",
            "id": "cba595b7d9f94ba1107a46f3f731912d95fb3d2c",
            "sensitive_content": null,
            "source": null
          },
          "sensitive_attributes": []
        }
      ]
    }
  ],
  "check_results": []
}
